
Microsoft Visual Studio Solution File, Format Version 12.00
# Visual Studio Version 17
VisualStudioVersion = 17.2.32630.192
MinimumVisualStudioVersion = 10.0.40219.1
Project("{9A19103F-16F7-4668-BE54-9A1E7A4F7556}") = "Blef.Bootstrapper", "src\Blef.Bootstrapper\Blef.Bootstrapper.csproj", "{CA4AC936-8401-43EE-B29A-C2059582C2B6}"
EndProject
Project("{2150E333-8FDC-42A3-9474-1A3956D46DE8}") = "Solution Items", "Solution Items", "{6F2DD079-FC99-4509-9145-4FCAE10BB454}"
	ProjectSection(SolutionItems) = preProject
		.dockerignore = .dockerignore
		.editorconfig = .editorconfig
		.gitattributes = .gitattributes
		.gitignore = .gitignore
		Dockerfile = Dockerfile
		LICENSE = LICENSE
		README.md = README.md
	EndProjectSection
EndProject
Project("{2150E333-8FDC-42A3-9474-1A3956D46DE8}") = "src", "src", "{F6E9E605-662E-4D57-9BF2-9A80C9D129DB}"
EndProject
Project("{2150E333-8FDC-42A3-9474-1A3956D46DE8}") = "Modules", "Modules", "{1C3005F6-31F0-4214-B215-A3AEA7A0AB40}"
EndProject
Project("{2150E333-8FDC-42A3-9474-1A3956D46DE8}") = "Games", "Games", "{2A3EBFCA-DE5C-4F44-8BA5-6904EEC9FF7A}"
EndProject
Project("{2150E333-8FDC-42A3-9474-1A3956D46DE8}") = "Users", "Users", "{E14F65BD-CAEF-495C-B7AD-1D7509252886}"
EndProject
Project("{2150E333-8FDC-42A3-9474-1A3956D46DE8}") = "tests", "tests", "{08BC69D4-66E7-42E8-B06E-9E97E64BF5C2}"
EndProject
Project("{2150E333-8FDC-42A3-9474-1A3956D46DE8}") = "Shared", "Shared", "{46B64D83-1769-49B4-8E69-983C2504CB69}"
EndProject
Project("{9A19103F-16F7-4668-BE54-9A1E7A4F7556}") = "Blef.Shared.Abstractions", "src\Shared\Blef.Shared.Abstractions\Blef.Shared.Abstractions.csproj", "{E3BBB83A-8B7D-4142-B9B6-25D4EAD9FD6D}"
EndProject
Project("{9A19103F-16F7-4668-BE54-9A1E7A4F7556}") = "Blef.Shared.Kernel", "src\Shared\Blef.Shared.Kernel\Blef.Shared.Kernel.csproj", "{44D817F5-9043-405D-9DDB-91DE9A277F72}"
EndProject
Project("{9A19103F-16F7-4668-BE54-9A1E7A4F7556}") = "Blef.Shared.Infrastructure", "src\Shared\Blef.Shared.Infrastructure\Blef.Shared.Infrastructure.csproj", "{B7BD6AC8-2BF9-4543-808F-388CC3ED7229}"
EndProject
Project("{9A19103F-16F7-4668-BE54-9A1E7A4F7556}") = "Blef.Modules.Games.Api", "src\Modules\Games\Blef.Modules.Games.Api\Blef.Modules.Games.Api.csproj", "{E889ACC9-0142-4707-A5D2-3EF5BFEEE870}"
EndProject
Project("{9A19103F-16F7-4668-BE54-9A1E7A4F7556}") = "Blef.Modules.Games.Application", "src\Modules\Games\Blef.Modules.Games.Application\Blef.Modules.Games.Application.csproj", "{616B93DF-4CE2-45EF-B2C7-F75C198F291E}"
EndProject
Project("{9A19103F-16F7-4668-BE54-9A1E7A4F7556}") = "Blef.Modules.Games.Domain", "src\Modules\Games\Blef.Modules.Games.Domain\Blef.Modules.Games.Domain.csproj", "{22EE7F24-17F3-431D-A52B-356B392CFD6B}"
EndProject
Project("{9A19103F-16F7-4668-BE54-9A1E7A4F7556}") = "Blef.Modules.Games.Infrastructure", "src\Modules\Games\Blef.Modules.Games.Infrastructure\Blef.Modules.Games.Infrastructure.csproj", "{8999DBE9-4AC1-4DAA-9D3C-B6EA3893AD6C}"
EndProject
Project("{9A19103F-16F7-4668-BE54-9A1E7A4F7556}") = "Blef.Modules.Users.Api", "src\Modules\Users\Blef.Modules.Users.Api\Blef.Modules.Users.Api.csproj", "{90A8BEB7-E399-4515-9B91-45647C42FFC7}"
EndProject
Project("{9A19103F-16F7-4668-BE54-9A1E7A4F7556}") = "Blef.Modules.Users.Core", "src\Modules\Users\Blef.Modules.Users.Core\Blef.Modules.Users.Core.csproj", "{57F762AD-F091-4F51-9D16-E8E20077FFCE}"
EndProject
Project("{9A19103F-16F7-4668-BE54-9A1E7A4F7556}") = "Blef.Modules.Games.Domain.Tests", "tests\Blef.Modules.Games.Domain.Tests\Blef.Modules.Games.Domain.Tests.csproj", "{B78B9F7A-9980-4397-93CE-B1C4632C30F4}"
EndProject
Project("{9A19103F-16F7-4668-BE54-9A1E7A4F7556}") = "Blef.Bootstrapper.Tests", "tests\Blef.Bootstrapper.Tests\Blef.Bootstrapper.Tests.csproj", "{D59C9496-445E-4144-909B-870A3F05EE40}"
EndProject
Global
	GlobalSection(SolutionConfigurationPlatforms) = preSolution
		Debug|Any CPU = Debug|Any CPU
		Release|Any CPU = Release|Any CPU
	EndGlobalSection
	GlobalSection(ProjectConfigurationPlatforms) = postSolution
		{CA4AC936-8401-43EE-B29A-C2059582C2B6}.Debug|Any CPU.ActiveCfg = Debug|Any CPU
		{CA4AC936-8401-43EE-B29A-C2059582C2B6}.Debug|Any CPU.Build.0 = Debug|Any CPU
		{CA4AC936-8401-43EE-B29A-C2059582C2B6}.Release|Any CPU.ActiveCfg = Release|Any CPU
		{CA4AC936-8401-43EE-B29A-C2059582C2B6}.Release|Any CPU.Build.0 = Release|Any CPU
		{E3BBB83A-8B7D-4142-B9B6-25D4EAD9FD6D}.Debug|Any CPU.ActiveCfg = Debug|Any CPU
		{E3BBB83A-8B7D-4142-B9B6-25D4EAD9FD6D}.Debug|Any CPU.Build.0 = Debug|Any CPU
		{E3BBB83A-8B7D-4142-B9B6-25D4EAD9FD6D}.Release|Any CPU.ActiveCfg = Release|Any CPU
		{E3BBB83A-8B7D-4142-B9B6-25D4EAD9FD6D}.Release|Any CPU.Build.0 = Release|Any CPU
		{44D817F5-9043-405D-9DDB-91DE9A277F72}.Debug|Any CPU.ActiveCfg = Debug|Any CPU
		{44D817F5-9043-405D-9DDB-91DE9A277F72}.Debug|Any CPU.Build.0 = Debug|Any CPU
		{44D817F5-9043-405D-9DDB-91DE9A277F72}.Release|Any CPU.ActiveCfg = Release|Any CPU
		{44D817F5-9043-405D-9DDB-91DE9A277F72}.Release|Any CPU.Build.0 = Release|Any CPU
		{B7BD6AC8-2BF9-4543-808F-388CC3ED7229}.Debug|Any CPU.ActiveCfg = Debug|Any CPU
		{B7BD6AC8-2BF9-4543-808F-388CC3ED7229}.Debug|Any CPU.Build.0 = Debug|Any CPU
		{B7BD6AC8-2BF9-4543-808F-388CC3ED7229}.Release|Any CPU.ActiveCfg = Release|Any CPU
		{B7BD6AC8-2BF9-4543-808F-388CC3ED7229}.Release|Any CPU.Build.0 = Release|Any CPU
		{E889ACC9-0142-4707-A5D2-3EF5BFEEE870}.Debug|Any CPU.ActiveCfg = Debug|Any CPU
		{E889ACC9-0142-4707-A5D2-3EF5BFEEE870}.Debug|Any CPU.Build.0 = Debug|Any CPU
		{E889ACC9-0142-4707-A5D2-3EF5BFEEE870}.Release|Any CPU.ActiveCfg = Release|Any CPU
		{E889ACC9-0142-4707-A5D2-3EF5BFEEE870}.Release|Any CPU.Build.0 = Release|Any CPU
		{616B93DF-4CE2-45EF-B2C7-F75C198F291E}.Debug|Any CPU.ActiveCfg = Debug|Any CPU
		{616B93DF-4CE2-45EF-B2C7-F75C198F291E}.Debug|Any CPU.Build.0 = Debug|Any CPU
		{616B93DF-4CE2-45EF-B2C7-F75C198F291E}.Release|Any CPU.ActiveCfg = Release|Any CPU
		{616B93DF-4CE2-45EF-B2C7-F75C198F291E}.Release|Any CPU.Build.0 = Release|Any CPU
		{22EE7F24-17F3-431D-A52B-356B392CFD6B}.Debug|Any CPU.ActiveCfg = Debug|Any CPU
		{22EE7F24-17F3-431D-A52B-356B392CFD6B}.Debug|Any CPU.Build.0 = Debug|Any CPU
		{22EE7F24-17F3-431D-A52B-356B392CFD6B}.Release|Any CPU.ActiveCfg = Release|Any CPU
		{22EE7F24-17F3-431D-A52B-356B392CFD6B}.Release|Any CPU.Build.0 = Release|Any CPU
		{8999DBE9-4AC1-4DAA-9D3C-B6EA3893AD6C}.Debug|Any CPU.ActiveCfg = Debug|Any CPU
		{8999DBE9-4AC1-4DAA-9D3C-B6EA3893AD6C}.Debug|Any CPU.Build.0 = Debug|Any CPU
		{8999DBE9-4AC1-4DAA-9D3C-B6EA3893AD6C}.Release|Any CPU.ActiveCfg = Release|Any CPU
		{8999DBE9-4AC1-4DAA-9D3C-B6EA3893AD6C}.Release|Any CPU.Build.0 = Release|Any CPU
		{90A8BEB7-E399-4515-9B91-45647C42FFC7}.Debug|Any CPU.ActiveCfg = Debug|Any CPU
		{90A8BEB7-E399-4515-9B91-45647C42FFC7}.Debug|Any CPU.Build.0 = Debug|Any CPU
		{90A8BEB7-E399-4515-9B91-45647C42FFC7}.Release|Any CPU.ActiveCfg = Release|Any CPU
		{90A8BEB7-E399-4515-9B91-45647C42FFC7}.Release|Any CPU.Build.0 = Release|Any CPU
		{57F762AD-F091-4F51-9D16-E8E20077FFCE}.Debug|Any CPU.ActiveCfg = Debug|Any CPU
		{57F762AD-F091-4F51-9D16-E8E20077FFCE}.Debug|Any CPU.Build.0 = Debug|Any CPU
		{57F762AD-F091-4F51-9D16-E8E20077FFCE}.Release|Any CPU.ActiveCfg = Release|Any CPU
		{57F762AD-F091-4F51-9D16-E8E20077FFCE}.Release|Any CPU.Build.0 = Release|Any CPU
		{B78B9F7A-9980-4397-93CE-B1C4632C30F4}.Debug|Any CPU.ActiveCfg = Debug|Any CPU
		{B78B9F7A-9980-4397-93CE-B1C4632C30F4}.Debug|Any CPU.Build.0 = Debug|Any CPU
		{B78B9F7A-9980-4397-93CE-B1C4632C30F4}.Release|Any CPU.ActiveCfg = Release|Any CPU
		{B78B9F7A-9980-4397-93CE-B1C4632C30F4}.Release|Any CPU.Build.0 = Release|Any CPU
		{D59C9496-445E-4144-909B-870A3F05EE40}.Debug|Any CPU.ActiveCfg = Debug|Any CPU
		{D59C9496-445E-4144-909B-870A3F05EE40}.Debug|Any CPU.Build.0 = Debug|Any CPU
		{D59C9496-445E-4144-909B-870A3F05EE40}.Release|Any CPU.ActiveCfg = Release|Any CPU
		{D59C9496-445E-4144-909B-870A3F05EE40}.Release|Any CPU.Build.0 = Release|Any CPU
	EndGlobalSection
	GlobalSection(SolutionProperties) = preSolution
		HideSolutionNode = FALSE
	EndGlobalSection
	GlobalSection(NestedProjects) = preSolution
		{CA4AC936-8401-43EE-B29A-C2059582C2B6} = {F6E9E605-662E-4D57-9BF2-9A80C9D129DB}
		{1C3005F6-31F0-4214-B215-A3AEA7A0AB40} = {F6E9E605-662E-4D57-9BF2-9A80C9D129DB}
		{2A3EBFCA-DE5C-4F44-8BA5-6904EEC9FF7A} = {1C3005F6-31F0-4214-B215-A3AEA7A0AB40}
		{E14F65BD-CAEF-495C-B7AD-1D7509252886} = {1C3005F6-31F0-4214-B215-A3AEA7A0AB40}
		{46B64D83-1769-49B4-8E69-983C2504CB69} = {F6E9E605-662E-4D57-9BF2-9A80C9D129DB}
		{E3BBB83A-8B7D-4142-B9B6-25D4EAD9FD6D} = {46B64D83-1769-49B4-8E69-983C2504CB69}
		{44D817F5-9043-405D-9DDB-91DE9A277F72} = {46B64D83-1769-49B4-8E69-983C2504CB69}
		{B7BD6AC8-2BF9-4543-808F-388CC3ED7229} = {46B64D83-1769-49B4-8E69-983C2504CB69}
		{E889ACC9-0142-4707-A5D2-3EF5BFEEE870} = {2A3EBFCA-DE5C-4F44-8BA5-6904EEC9FF7A}
		{616B93DF-4CE2-45EF-B2C7-F75C198F291E} = {2A3EBFCA-DE5C-4F44-8BA5-6904EEC9FF7A}
		{22EE7F24-17F3-431D-A52B-356B392CFD6B} = {2A3EBFCA-DE5C-4F44-8BA5-6904EEC9FF7A}
		{8999DBE9-4AC1-4DAA-9D3C-B6EA3893AD6C} = {2A3EBFCA-DE5C-4F44-8BA5-6904EEC9FF7A}
		{90A8BEB7-E399-4515-9B91-45647C42FFC7} = {E14F65BD-CAEF-495C-B7AD-1D7509252886}
		{57F762AD-F091-4F51-9D16-E8E20077FFCE} = {E14F65BD-CAEF-495C-B7AD-1D7509252886}
		{B78B9F7A-9980-4397-93CE-B1C4632C30F4} = {08BC69D4-66E7-42E8-B06E-9E97E64BF5C2}
		{D59C9496-445E-4144-909B-870A3F05EE40} = {08BC69D4-66E7-42E8-B06E-9E97E64BF5C2}
	EndGlobalSection
	GlobalSection(ExtensibilityGlobals) = postSolution
		SolutionGuid = {A610AC87-97DB-4B30-A6EE-BB27ADB06133}
	EndGlobalSection
EndGlobal
